{
  "requires": true,
  "lockfileVersion": 1,
  "dependencies": {
    "core-util-is": {
      "version": "1.0.2",
      "resolved": "https://registry.npmjs.org/core-util-is/-/core-util-is-1.0.2.tgz",
      "integrity": "sha1-tf1UIgqivFq1eqtxQMlAdUUDwac="
    },
    "os-utils": {
      "version": "0.0.14",
      "resolved": "https://registry.npmjs.org/os-utils/-/os-utils-0.0.14.tgz",
      "integrity": "sha1-KeURaXsZgrjGJ3Ihdf45eX72QVY="
    }
  }
}
